<Solution>
  <Folder Name="/src/">
    <Project Path="src/FlpColiveira.TemplateMethodExporter/FlpColiveira.TemplateMethodExporter.csproj" />
  </Folder>
  <Folder Name="/tests/">
    <Project Path="tests/Flpcoliveira.TemplateMethodExporter.Tests/Flpcoliveira.TemplateMethodExporter.Tests.csproj" />
  </Folder>
</Solution>
